// !$*UTF8*$!
{
	archiveVersion = 1;
	classes = {
	};
	objectVersion = 50;
	objects = {

/* Begin PBXBuildFile section */
		0648C43D21C410600038FBF8 /* LokiNetwork.framework in Frameworks */ = {isa = PBXBuildFile; fileRef = 0648C43321C410600038FBF8 /* LokiNetwork.framework */; };
		0648C44221C410600038FBF8 /* LokiNetworkTests.swift in Sources */ = {isa = PBXBuildFile; fileRef = 0648C44121C410600038FBF8 /* LokiNetworkTests.swift */; };
		0648C44421C410600038FBF8 /* LokiNetwork.h in Headers */ = {isa = PBXBuildFile; fileRef = 0648C43621C410600038FBF8 /* LokiNetwork.h */; settings = {ATTRIBUTES = (Public, ); }; };
		0648C47421C417490038FBF8 /* liblokinet-static.a in Frameworks */ = {isa = PBXBuildFile; fileRef = 0648C46521C411B90038FBF8 /* liblokinet-static.a */; };
/* End PBXBuildFile section */

/* Begin PBXContainerItemProxy section */
		0648C43E21C410600038FBF8 /* PBXContainerItemProxy */ = {
			isa = PBXContainerItemProxy;
			containerPortal = 0648C42A21C410600038FBF8 /* Project object */;
			proxyType = 1;
			remoteGlobalIDString = 0648C43221C410600038FBF8;
			remoteInfo = LokiNetwork;
		};
		0648C45A21C411B90038FBF8 /* PBXContainerItemProxy */ = {
			isa = PBXContainerItemProxy;
			containerPortal = 0648C44D21C411B90038FBF8 /* lokinet.xcodeproj */;
			proxyType = 2;
			remoteGlobalIDString = 5193DFEF3802469DBE484FA1;
			remoteInfo = gtest;
		};
		0648C45C21C411B90038FBF8 /* PBXContainerItemProxy */ = {
			isa = PBXContainerItemProxy;
			containerPortal = 0648C44D21C411B90038FBF8 /* lokinet.xcodeproj */;
			proxyType = 2;
			remoteGlobalIDString = 16E3075354C94C6BBCF3F945;
			remoteInfo = gtest_main;
		};
		0648C45E21C411B90038FBF8 /* PBXContainerItemProxy */ = {
			isa = PBXContainerItemProxy;
			containerPortal = 0648C44D21C411B90038FBF8 /* lokinet.xcodeproj */;
			proxyType = 2;
			remoteGlobalIDString = C8349625A5F242CC8A9B669D;
			remoteInfo = lokinet;
		};
		0648C46021C411B90038FBF8 /* PBXContainerItemProxy */ = {
			isa = PBXContainerItemProxy;
			containerPortal = 0648C44D21C411B90038FBF8 /* lokinet.xcodeproj */;
			proxyType = 2;
			remoteGlobalIDString = 22D34C48EAAE41F786CD132D;
			remoteInfo = "lokinet-cryptography";
		};
		0648C46221C411B90038FBF8 /* PBXContainerItemProxy */ = {
			isa = PBXContainerItemProxy;
			containerPortal = 0648C44D21C411B90038FBF8 /* lokinet.xcodeproj */;
			proxyType = 2;
			remoteGlobalIDString = 72876D6A868940DBB58D1F25;
			remoteInfo = "lokinet-platform";
		};
		0648C46421C411B90038FBF8 /* PBXContainerItemProxy */ = {
			isa = PBXContainerItemProxy;
			containerPortal = 0648C44D21C411B90038FBF8 /* lokinet.xcodeproj */;
			proxyType = 2;
			remoteGlobalIDString = 327CCD58FB574E84976B2F0C;
			remoteInfo = "lokinet-static";
		};
		0648C46621C411B90038FBF8 /* PBXContainerItemProxy */ = {
			isa = PBXContainerItemProxy;
			containerPortal = 0648C44D21C411B90038FBF8 /* lokinet.xcodeproj */;
			proxyType = 2;
			remoteGlobalIDString = 5FE842310AC84ECD8A66A2F8;
			remoteInfo = testAll;
		};
/* End PBXContainerItemProxy section */

/* Begin PBXFileReference section */
		0648C43321C410600038FBF8 /* LokiNetwork.framework */ = {isa = PBXFileReference; explicitFileType = wrapper.framework; includeInIndex = 0; path = LokiNetwork.framework; sourceTree = BUILT_PRODUCTS_DIR; };
		0648C43621C410600038FBF8 /* LokiNetwork.h */ = {isa = PBXFileReference; lastKnownFileType = sourcecode.c.h; path = LokiNetwork.h; sourceTree = "<group>"; };
		0648C43721C410600038FBF8 /* Info.plist */ = {isa = PBXFileReference; lastKnownFileType = text.plist.xml; path = Info.plist; sourceTree = "<group>"; };
		0648C43C21C410600038FBF8 /* LokiNetworkTests.xctest */ = {isa = PBXFileReference; explicitFileType = wrapper.cfbundle; includeInIndex = 0; path = LokiNetworkTests.xctest; sourceTree = BUILT_PRODUCTS_DIR; };
		0648C44121C410600038FBF8 /* LokiNetworkTests.swift */ = {isa = PBXFileReference; lastKnownFileType = sourcecode.swift; path = LokiNetworkTests.swift; sourceTree = "<group>"; };
		0648C44321C410600038FBF8 /* Info.plist */ = {isa = PBXFileReference; lastKnownFileType = text.plist.xml; path = Info.plist; sourceTree = "<group>"; };
		0648C44D21C411B90038FBF8 /* lokinet.xcodeproj */ = {isa = PBXFileReference; lastKnownFileType = "wrapper.pb-project"; name = lokinet.xcodeproj; path = "external/loki-network-build/lokinet.xcodeproj"; sourceTree = "<group>"; };
/* End PBXFileReference section */

/* Begin PBXFrameworksBuildPhase section */
		0648C43021C410600038FBF8 /* Frameworks */ = {
			isa = PBXFrameworksBuildPhase;
			buildActionMask = 2147483647;
			files = (
				0648C47421C417490038FBF8 /* liblokinet-static.a in Frameworks */,
			);
			runOnlyForDeploymentPostprocessing = 0;
		};
		0648C43921C410600038FBF8 /* Frameworks */ = {
			isa = PBXFrameworksBuildPhase;
			buildActionMask = 2147483647;
			files = (
				0648C43D21C410600038FBF8 /* LokiNetwork.framework in Frameworks */,
			);
			runOnlyForDeploymentPostprocessing = 0;
		};
/* End PBXFrameworksBuildPhase section */

/* Begin PBXGroup section */
		0648C42921C410600038FBF8 = {
			isa = PBXGroup;
			children = (
				0648C44D21C411B90038FBF8 /* lokinet.xcodeproj */,
				0648C43521C410600038FBF8 /* LokiNetwork */,
				0648C44021C410600038FBF8 /* LokiNetworkTests */,
				0648C43421C410600038FBF8 /* Products */,
				0648C46921C417490038FBF8 /* Frameworks */,
			);
			sourceTree = "<group>";
		};
		0648C43421C410600038FBF8 /* Products */ = {
			isa = PBXGroup;
			children = (
				0648C43321C410600038FBF8 /* LokiNetwork.framework */,
				0648C43C21C410600038FBF8 /* LokiNetworkTests.xctest */,
			);
			name = Products;
			sourceTree = "<group>";
		};
		0648C43521C410600038FBF8 /* LokiNetwork */ = {
			isa = PBXGroup;
			children = (
				0648C43621C410600038FBF8 /* LokiNetwork.h */,
				0648C43721C410600038FBF8 /* Info.plist */,
			);
			path = LokiNetwork;
			sourceTree = "<group>";
		};
		0648C44021C410600038FBF8 /* LokiNetworkTests */ = {
			isa = PBXGroup;
			children = (
				0648C44121C410600038FBF8 /* LokiNetworkTests.swift */,
				0648C44321C410600038FBF8 /* Info.plist */,
			);
			path = LokiNetworkTests;
			sourceTree = "<group>";
		};
		0648C44E21C411B90038FBF8 /* Products */ = {
			isa = PBXGroup;
			children = (
				0648C45B21C411B90038FBF8 /* libgtest.a */,
				0648C45D21C411B90038FBF8 /* libgtest_main.a */,
				0648C45F21C411B90038FBF8 /* lokinet */,
				0648C46121C411B90038FBF8 /* liblokinet-cryptography.a */,
				0648C46321C411B90038FBF8 /* liblokinet-platform.a */,
				0648C46521C411B90038FBF8 /* liblokinet-static.a */,
				0648C46721C411B90038FBF8 /* testAll */,
			);
			name = Products;
			sourceTree = "<group>";
		};
		0648C46921C417490038FBF8 /* Frameworks */ = {
			isa = PBXGroup;
			children = (
			);
			name = Frameworks;
			sourceTree = "<group>";
		};
/* End PBXGroup section */

/* Begin PBXHeadersBuildPhase section */
		0648C42E21C410600038FBF8 /* Headers */ = {
			isa = PBXHeadersBuildPhase;
			buildActionMask = 2147483647;
			files = (
				0648C44421C410600038FBF8 /* LokiNetwork.h in Headers */,
			);
			runOnlyForDeploymentPostprocessing = 0;
		};
/* End PBXHeadersBuildPhase section */

/* Begin PBXNativeTarget section */
		0648C43221C410600038FBF8 /* LokiNetwork */ = {
			isa = PBXNativeTarget;
			buildConfigurationList = 0648C44721C410600038FBF8 /* Build configuration list for PBXNativeTarget "LokiNetwork" */;
			buildPhases = (
				0648C42E21C410600038FBF8 /* Headers */,
				0648C42F21C410600038FBF8 /* Sources */,
				0648C43021C410600038FBF8 /* Frameworks */,
				0648C43121C410600038FBF8 /* Resources */,
			);
			buildRules = (
			);
			dependencies = (
			);
			name = LokiNetwork;
			productName = LokiNetwork;
			productReference = 0648C43321C410600038FBF8 /* LokiNetwork.framework */;
			productType = "com.apple.product-type.framework";
		};
		0648C43B21C410600038FBF8 /* LokiNetworkTests */ = {
			isa = PBXNativeTarget;
			buildConfigurationList = 0648C44A21C410600038FBF8 /* Build configuration list for PBXNativeTarget "LokiNetworkTests" */;
			buildPhases = (
				0648C43821C410600038FBF8 /* Sources */,
				0648C43921C410600038FBF8 /* Frameworks */,
				0648C43A21C410600038FBF8 /* Resources */,
			);
			buildRules = (
			);
			dependencies = (
				0648C43F21C410600038FBF8 /* PBXTargetDependency */,
			);
			name = LokiNetworkTests;
			productName = LokiNetworkTests;
			productReference = 0648C43C21C410600038FBF8 /* LokiNetworkTests.xctest */;
			productType = "com.apple.product-type.bundle.unit-test";
		};
/* End PBXNativeTarget section */

/* Begin PBXProject section */
		0648C42A21C410600038FBF8 /* Project object */ = {
			isa = PBXProject;
			attributes = {
				LastSwiftUpdateCheck = 1010;
				LastUpgradeCheck = 1010;
				ORGANIZATIONNAME = "Loki Project";
				TargetAttributes = {
					0648C43221C410600038FBF8 = {
						CreatedOnToolsVersion = 10.1;
					};
					0648C43B21C410600038FBF8 = {
						CreatedOnToolsVersion = 10.1;
					};
				};
			};
			buildConfigurationList = 0648C42D21C410600038FBF8 /* Build configuration list for PBXProject "LokiNetwork" */;
			compatibilityVersion = "Xcode 9.3";
			developmentRegion = en;
			hasScannedForEncodings = 0;
			knownRegions = (
				en,
			);
			mainGroup = 0648C42921C410600038FBF8;
			productRefGroup = 0648C43421C410600038FBF8 /* Products */;
			projectDirPath = "";
			projectReferences = (
				{
					ProductGroup = 0648C44E21C411B90038FBF8 /* Products */;
					ProjectRef = 0648C44D21C411B90038FBF8 /* lokinet.xcodeproj */;
				},
			);
			projectRoot = "";
			targets = (
				0648C43221C410600038FBF8 /* LokiNetwork */,
				0648C43B21C410600038FBF8 /* LokiNetworkTests */,
			);
		};
/* End PBXProject section */

/* Begin PBXReferenceProxy section */
		0648C45B21C411B90038FBF8 /* libgtest.a */ = {
			isa = PBXReferenceProxy;
			fileType = archive.ar;
			path = libgtest.a;
			remoteRef = 0648C45A21C411B90038FBF8 /* PBXContainerItemProxy */;
			sourceTree = BUILT_PRODUCTS_DIR;
		};
		0648C45D21C411B90038FBF8 /* libgtest_main.a */ = {
			isa = PBXReferenceProxy;
			fileType = archive.ar;
			path = libgtest_main.a;
			remoteRef = 0648C45C21C411B90038FBF8 /* PBXContainerItemProxy */;
			sourceTree = BUILT_PRODUCTS_DIR;
		};
		0648C45F21C411B90038FBF8 /* lokinet */ = {
			isa = PBXReferenceProxy;
			fileType = "compiled.mach-o.executable";
			path = lokinet;
			remoteRef = 0648C45E21C411B90038FBF8 /* PBXContainerItemProxy */;
			sourceTree = BUILT_PRODUCTS_DIR;
		};
		0648C46121C411B90038FBF8 /* liblokinet-cryptography.a */ = {
			isa = PBXReferenceProxy;
			fileType = archive.ar;
			path = "liblokinet-cryptography.a";
			remoteRef = 0648C46021C411B90038FBF8 /* PBXContainerItemProxy */;
			sourceTree = BUILT_PRODUCTS_DIR;
		};
		0648C46321C411B90038FBF8 /* liblokinet-platform.a */ = {
			isa = PBXReferenceProxy;
			fileType = archive.ar;
			path = "liblokinet-platform.a";
			remoteRef = 0648C46221C411B90038FBF8 /* PBXContainerItemProxy */;
			sourceTree = BUILT_PRODUCTS_DIR;
		};
		0648C46521C411B90038FBF8 /* liblokinet-static.a */ = {
			isa = PBXReferenceProxy;
			fileType = archive.ar;
			path = "liblokinet-static.a";
			remoteRef = 0648C46421C411B90038FBF8 /* PBXContainerItemProxy */;
			sourceTree = BUILT_PRODUCTS_DIR;
		};
		0648C46721C411B90038FBF8 /* testAll */ = {
			isa = PBXReferenceProxy;
			fileType = "compiled.mach-o.executable";
			path = testAll;
			remoteRef = 0648C46621C411B90038FBF8 /* PBXContainerItemProxy */;
			sourceTree = BUILT_PRODUCTS_DIR;
		};
/* End PBXReferenceProxy section */

/* Begin PBXResourcesBuildPhase section */
		0648C43121C410600038FBF8 /* Resources */ = {
			isa = PBXResourcesBuildPhase;
			buildActionMask = 2147483647;
			files = (
			);
			runOnlyForDeploymentPostprocessing = 0;
		};
		0648C43A21C410600038FBF8 /* Resources */ = {
			isa = PBXResourcesBuildPhase;
			buildActionMask = 2147483647;
			files = (
			);
			runOnlyForDeploymentPostprocessing = 0;
		};
/* End PBXResourcesBuildPhase section */

/* Begin PBXSourcesBuildPhase section */
		0648C42F21C410600038FBF8 /* Sources */ = {
			isa = PBXSourcesBuildPhase;
			buildActionMask = 2147483647;
			files = (
			);
			runOnlyForDeploymentPostprocessing = 0;
		};
		0648C43821C410600038FBF8 /* Sources */ = {
			isa = PBXSourcesBuildPhase;
			buildActionMask = 2147483647;
			files = (
				0648C44221C410600038FBF8 /* LokiNetworkTests.swift in Sources */,
			);
			runOnlyForDeploymentPostprocessing = 0;
		};
/* End PBXSourcesBuildPhase section */

/* Begin PBXTargetDependency section */
		0648C43F21C410600038FBF8 /* PBXTargetDependency */ = {
			isa = PBXTargetDependency;
			target = 0648C43221C410600038FBF8 /* LokiNetwork */;
			targetProxy = 0648C43E21C410600038FBF8 /* PBXContainerItemProxy */;
		};
/* End PBXTargetDependency section */

/* Begin XCBuildConfiguration section */
		0648C44521C410600038FBF8 /* Debug */ = {
			isa = XCBuildConfiguration;
			buildSettings = {
				ALWAYS_SEARCH_USER_PATHS = NO;
				CLANG_ANALYZER_NONNULL = YES;
				CLANG_ANALYZER_NUMBER_OBJECT_CONVERSION = YES_AGGRESSIVE;
				CLANG_CXX_LANGUAGE_STANDARD = "gnu++14";
				CLANG_CXX_LIBRARY = "libc++";
				CLANG_ENABLE_MODULES = YES;
				CLANG_ENABLE_OBJC_ARC = YES;
				CLANG_ENABLE_OBJC_WEAK = YES;
				CLANG_WARN_BLOCK_CAPTURE_AUTORELEASING = YES;
				CLANG_WARN_BOOL_CONVERSION = YES;
				CLANG_WARN_COMMA = YES;
				CLANG_WARN_CONSTANT_CONVERSION = YES;
				CLANG_WARN_DEPRECATED_OBJC_IMPLEMENTATIONS = YES;
				CLANG_WARN_DIRECT_OBJC_ISA_USAGE = YES_ERROR;
				CLANG_WARN_DOCUMENTATION_COMMENTS = YES;
				CLANG_WARN_EMPTY_BODY = YES;
				CLANG_WARN_ENUM_CONVERSION = YES;
				CLANG_WARN_INFINITE_RECURSION = YES;
				CLANG_WARN_INT_CONVERSION = YES;
				CLANG_WARN_NON_LITERAL_NULL_CONVERSION = YES;
				CLANG_WARN_OBJC_IMPLICIT_RETAIN_SELF = YES;
				CLANG_WARN_OBJC_LITERAL_CONVERSION = YES;
				CLANG_WARN_OBJC_ROOT_CLASS = YES_ERROR;
				CLANG_WARN_RANGE_LOOP_ANALYSIS = YES;
				CLANG_WARN_STRICT_PROTOTYPES = YES;
				CLANG_WARN_SUSPICIOUS_MOVE = YES;
				CLANG_WARN_UNGUARDED_AVAILABILITY = YES_AGGRESSIVE;
				CLANG_WARN_UNREACHABLE_CODE = YES;
				CLANG_WARN__DUPLICATE_METHOD_MATCH = YES;
				CODE_SIGN_IDENTITY = "Mac Developer";
				COPY_PHASE_STRIP = NO;
				CURRENT_PROJECT_VERSION = 1;
				DEBUG_INFORMATION_FORMAT = dwarf;
				ENABLE_STRICT_OBJC_MSGSEND = YES;
				ENABLE_TESTABILITY = YES;
				GCC_C_LANGUAGE_STANDARD = gnu11;
				GCC_DYNAMIC_NO_PIC = NO;
				GCC_NO_COMMON_BLOCKS = YES;
				GCC_OPTIMIZATION_LEVEL = 0;
				GCC_PREPROCESSOR_DEFINITIONS = (
					"DEBUG=1",
					"$(inherited)",
				);
				GCC_WARN_64_TO_32_BIT_CONVERSION = YES;
				GCC_WARN_ABOUT_RETURN_TYPE = YES_ERROR;
				GCC_WARN_UNDECLARED_SELECTOR = YES;
				GCC_WARN_UNINITIALIZED_AUTOS = YES_AGGRESSIVE;
				GCC_WARN_UNUSED_FUNCTION = YES;
				GCC_WARN_UNUSED_VARIABLE = YES;
				HEADER_SEARCH_PATHS = "${SRCROOT}/external/loki-network/include/**";
				MACOSX_DEPLOYMENT_TARGET = 10.12;
				MTL_ENABLE_DEBUG_INFO = INCLUDE_SOURCE;
				MTL_FAST_MATH = YES;
				ONLY_ACTIVE_ARCH = YES;
				SDKROOT = iphoneos;
				SWIFT_ACTIVE_COMPILATION_CONDITIONS = DEBUG;
				SWIFT_OPTIMIZATION_LEVEL = "-Onone";
				VERSIONING_SYSTEM = "apple-generic";
				VERSION_INFO_PREFIX = "";
			};
			name = Debug;
		};
		0648C44621C410600038FBF8 /* Release */ = {
			isa = XCBuildConfiguration;
			buildSettings = {
				ALWAYS_SEARCH_USER_PATHS = NO;
				CLANG_ANALYZER_NONNULL = YES;
				CLANG_ANALYZER_NUMBER_OBJECT_CONVERSION = YES_AGGRESSIVE;
				CLANG_CXX_LANGUAGE_STANDARD = "gnu++14";
				CLANG_CXX_LIBRARY = "libc++";
				CLANG_ENABLE_MODULES = YES;
				CLANG_ENABLE_OBJC_ARC = YES;
				CLANG_ENABLE_OBJC_WEAK = YES;
				CLANG_WARN_BLOCK_CAPTURE_AUTORELEASING = YES;
				CLANG_WARN_BOOL_CONVERSION = YES;
				CLANG_WARN_COMMA = YES;
				CLANG_WARN_CONSTANT_CONVERSION = YES;
				CLANG_WARN_DEPRECATED_OBJC_IMPLEMENTATIONS = YES;
				CLANG_WARN_DIRECT_OBJC_ISA_USAGE = YES_ERROR;
				CLANG_WARN_DOCUMENTATION_COMMENTS = YES;
				CLANG_WARN_EMPTY_BODY = YES;
				CLANG_WARN_ENUM_CONVERSION = YES;
				CLANG_WARN_INFINITE_RECURSION = YES;
				CLANG_WARN_INT_CONVERSION = YES;
				CLANG_WARN_NON_LITERAL_NULL_CONVERSION = YES;
				CLANG_WARN_OBJC_IMPLICIT_RETAIN_SELF = YES;
				CLANG_WARN_OBJC_LITERAL_CONVERSION = YES;
				CLANG_WARN_OBJC_ROOT_CLASS = YES_ERROR;
				CLANG_WARN_RANGE_LOOP_ANALYSIS = YES;
				CLANG_WARN_STRICT_PROTOTYPES = YES;
				CLANG_WARN_SUSPICIOUS_MOVE = YES;
				CLANG_WARN_UNGUARDED_AVAILABILITY = YES_AGGRESSIVE;
				CLANG_WARN_UNREACHABLE_CODE = YES;
				CLANG_WARN__DUPLICATE_METHOD_MATCH = YES;
				CODE_SIGN_IDENTITY = "Mac Developer";
				COPY_PHASE_STRIP = NO;
				CURRENT_PROJECT_VERSION = 1;
				DEBUG_INFORMATION_FORMAT = "dwarf-with-dsym";
				ENABLE_NS_ASSERTIONS = NO;
				ENABLE_STRICT_OBJC_MSGSEND = YES;
				GCC_C_LANGUAGE_STANDARD = gnu11;
				GCC_NO_COMMON_BLOCKS = YES;
				GCC_WARN_64_TO_32_BIT_CONVERSION = YES;
				GCC_WARN_ABOUT_RETURN_TYPE = YES_ERROR;
				GCC_WARN_UNDECLARED_SELECTOR = YES;
				GCC_WARN_UNINITIALIZED_AUTOS = YES_AGGRESSIVE;
				GCC_WARN_UNUSED_FUNCTION = YES;
				GCC_WARN_UNUSED_VARIABLE = YES;
				HEADER_SEARCH_PATHS = "${SRCROOT}/external/loki-network/include/**";
				MACOSX_DEPLOYMENT_TARGET = 10.12;
				MTL_ENABLE_DEBUG_INFO = NO;
				MTL_FAST_MATH = YES;
				SDKROOT = iphoneos;
				SWIFT_COMPILATION_MODE = wholemodule;
				SWIFT_OPTIMIZATION_LEVEL = "-O";
				VERSIONING_SYSTEM = "apple-generic";
				VERSION_INFO_PREFIX = "";
			};
			name = Release;
		};
		0648C44821C410600038FBF8 /* Debug */ = {
			isa = XCBuildConfiguration;
			buildSettings = {
				CODE_SIGN_IDENTITY = "";
				CODE_SIGN_STYLE = Automatic;
				COMBINE_HIDPI_IMAGES = YES;
				DEFINES_MODULE = YES;
				DEVELOPMENT_TEAM = KQTFWV27W5;
				DYLIB_COMPATIBILITY_VERSION = 1;
				DYLIB_CURRENT_VERSION = 1;
				DYLIB_INSTALL_NAME_BASE = "@rpath";
				FRAMEWORK_VERSION = A;
				INFOPLIST_FILE = LokiNetwork/Info.plist;
				INSTALL_PATH = "$(LOCAL_LIBRARY_DIR)/Frameworks";
				LD_RUNPATH_SEARCH_PATHS = (
					"$(inherited)",
					"@executable_path/../Frameworks",
					"@loader_path/Frameworks",
				);
				PRODUCT_BUNDLE_IDENTIFIER = network.loki.net.darwin.framework;
				PRODUCT_NAME = "$(TARGET_NAME:c99extidentifier)";
				SKIP_INSTALL = YES;
				SWIFT_VERSION = 4.2;
				TARGETED_DEVICE_FAMILY = "1,2";
			};
			name = Debug;
		};
		0648C44921C410600038FBF8 /* Release */ = {
			isa = XCBuildConfiguration;
			buildSettings = {
				CODE_SIGN_IDENTITY = "";
				CODE_SIGN_STYLE = Automatic;
				COMBINE_HIDPI_IMAGES = YES;
				DEFINES_MODULE = YES;
				DEVELOPMENT_TEAM = KQTFWV27W5;
				DYLIB_COMPATIBILITY_VERSION = 1;
				DYLIB_CURRENT_VERSION = 1;
				DYLIB_INSTALL_NAME_BASE = "@rpath";
				FRAMEWORK_VERSION = A;
				INFOPLIST_FILE = LokiNetwork/Info.plist;
				INSTALL_PATH = "$(LOCAL_LIBRARY_DIR)/Frameworks";
				LD_RUNPATH_SEARCH_PATHS = (
					"$(inherited)",
					"@executable_path/../Frameworks",
					"@loader_path/Frameworks",
				);
				PRODUCT_BUNDLE_IDENTIFIER = network.loki.net.darwin.framework;
				PRODUCT_NAME = "$(TARGET_NAME:c99extidentifier)";
				SKIP_INSTALL = YES;
				SWIFT_VERSION = 4.2;
				TARGETED_DEVICE_FAMILY = "1,2";
			};
			name = Release;
		};
		0648C44B21C410600038FBF8 /* Debug */ = {
			isa = XCBuildConfiguration;
			buildSettings = {
				CODE_SIGN_STYLE = Automatic;
				COMBINE_HIDPI_IMAGES = YES;
				DEVELOPMENT_TEAM = KQTFWV27W5;
				INFOPLIST_FILE = LokiNetworkTests/Info.plist;
				LD_RUNPATH_SEARCH_PATHS = (
					"$(inherited)",
					"@executable_path/../Frameworks",
					"@loader_path/../Frameworks",
				);
				PRODUCT_BUNDLE_IDENTIFIER = network.loki.net.darwin.LokiNetworkTests;
				PRODUCT_NAME = "$(TARGET_NAME)";
				SWIFT_VERSION = 4.2;
			};
			name = Debug;
		};
		0648C44C21C410600038FBF8 /* Release */ = {
			isa = XCBuildConfiguration;
			buildSettings = {
				CODE_SIGN_STYLE = Automatic;
				COMBINE_HIDPI_IMAGES = YES;
				DEVELOPMENT_TEAM = KQTFWV27W5;
				INFOPLIST_FILE = LokiNetworkTests/Info.plist;
				LD_RUNPATH_SEARCH_PATHS = (
					"$(inherited)",
					"@executable_path/../Frameworks",
					"@loader_path/../Frameworks",
				);
				PRODUCT_BUNDLE_IDENTIFIER = network.loki.net.darwin.LokiNetworkTests;
				PRODUCT_NAME = "$(TARGET_NAME)";
				SWIFT_VERSION = 4.2;
			};
			name = Release;
		};
/* End XCBuildConfiguration section */

/* Begin XCConfigurationList section */
		0648C42D21C410600038FBF8 /* Build configuration list for PBXProject "LokiNetwork" */ = {
			isa = XCConfigurationList;
			buildConfigurations = (
				0648C44521C410600038FBF8 /* Debug */,
				0648C44621C410600038FBF8 /* Release */,
			);
			defaultConfigurationIsVisible = 0;
			defaultConfigurationName = Release;
		};
		0648C44721C410600038FBF8 /* Build configuration list for PBXNativeTarget "LokiNetwork" */ = {
			isa = XCConfigurationList;
			buildConfigurations = (
				0648C44821C410600038FBF8 /* Debug */,
				0648C44921C410600038FBF8 /* Release */,
			);
			defaultConfigurationIsVisible = 0;
			defaultConfigurationName = Release;
		};
		0648C44A21C410600038FBF8 /* Build configuration list for PBXNativeTarget "LokiNetworkTests" */ = {
			isa = XCConfigurationList;
			buildConfigurations = (
				0648C44B21C410600038FBF8 /* Debug */,
				0648C44C21C410600038FBF8 /* Release */,
			);
			defaultConfigurationIsVisible = 0;
			defaultConfigurationName = Release;
		};
/* End XCConfigurationList section */
	};
	rootObject = 0648C42A21C410600038FBF8 /* Project object */;
}
